
Microsoft Visual Studio Solution File, Format Version 11.00
# Visual C# Express 2010
Project("{FAE04EC0-301F-11D3-BF4B-00C04F79EFBC}") = "AvatarPhysicsTest1", "AvatarPhysicsTest1\AvatarPhysicsTest1\AvatarPhysicsTest1.csproj", "{476E5111-DE66-4085-811F-B120A1B7802E}"
EndProject
Project("{96E2B04D-8817-42C6-938A-82C39BA4D311}") = "AvatarPhysicsTest1Content", "AvatarPhysicsTest1\AvatarPhysicsTest1Content\AvatarPhysicsTest1Content.contentproj", "{AE64A0A2-8B15-45F3-97EA-E0E4F23EB8F8}"
EndProject
Global
	GlobalSection(SolutionConfigurationPlatforms) = preSolution
		Debug|x86 = Debug|x86
		Release|x86 = Release|x86
	EndGlobalSection
	GlobalSection(ProjectConfigurationPlatforms) = postSolution
		{476E5111-DE66-4085-811F-B120A1B7802E}.Debug|x86.ActiveCfg = Debug|x86
		{476E5111-DE66-4085-811F-B120A1B7802E}.Debug|x86.Build.0 = Debug|x86
		{476E5111-DE66-4085-811F-B120A1B7802E}.Release|x86.ActiveCfg = Release|x86
		{476E5111-DE66-4085-811F-B120A1B7802E}.Release|x86.Build.0 = Release|x86
		{AE64A0A2-8B15-45F3-97EA-E0E4F23EB8F8}.Debug|x86.ActiveCfg = Debug|x86
		{AE64A0A2-8B15-45F3-97EA-E0E4F23EB8F8}.Release|x86.ActiveCfg = Release|x86
	EndGlobalSection
	GlobalSection(SolutionProperties) = preSolution
		HideSolutionNode = FALSE
	EndGlobalSection
EndGlobal
