
Microsoft Visual Studio Solution File, Format Version 11.00
# Visual Studio 2010
Project("{FAE04EC0-301F-11D3-BF4B-00C04F79EFBC}") = "TimerTest1", "TimerTest1\TimerTest1\TimerTest1.csproj", "{CD01AA32-DE56-4252-B92F-797FF2A4CF5F}"
EndProject
Project("{96E2B04D-8817-42C6-938A-82C39BA4D311}") = "TimerTest1Content", "TimerTest1\TimerTest1Content\TimerTest1Content.contentproj", "{950166F1-55BC-49D6-9C63-5B35754C6CBC}"
EndProject
Global
	GlobalSection(SolutionConfigurationPlatforms) = preSolution
		Debug|x86 = Debug|x86
		Release|x86 = Release|x86
	EndGlobalSection
	GlobalSection(ProjectConfigurationPlatforms) = postSolution
		{CD01AA32-DE56-4252-B92F-797FF2A4CF5F}.Debug|x86.ActiveCfg = Debug|x86
		{CD01AA32-DE56-4252-B92F-797FF2A4CF5F}.Debug|x86.Build.0 = Debug|x86
		{CD01AA32-DE56-4252-B92F-797FF2A4CF5F}.Release|x86.ActiveCfg = Release|x86
		{CD01AA32-DE56-4252-B92F-797FF2A4CF5F}.Release|x86.Build.0 = Release|x86
		{950166F1-55BC-49D6-9C63-5B35754C6CBC}.Debug|x86.ActiveCfg = Debug|x86
		{950166F1-55BC-49D6-9C63-5B35754C6CBC}.Release|x86.ActiveCfg = Release|x86
	EndGlobalSection
	GlobalSection(SolutionProperties) = preSolution
		HideSolutionNode = FALSE
	EndGlobalSection
EndGlobal
